
Microsoft Visual Studio Solution File, Format Version 12.00
# Visual Studio 15
VisualStudioVersion = 15.0.27130.2026
MinimumVisualStudioVersion = 10.0.40219.1
Project("{9A19103F-16F7-4668-BE54-9A1E7A4F7556}") = "Wr.UmbracoTools.Packager", "Wr.UmbracoTools.Packager\Wr.UmbracoTools.Packager.csproj", "{7B9962D3-4178-48D6-9DF4-408B7961278B}"
EndProject
Global
	GlobalSection(SolutionConfigurationPlatforms) = preSolution
		Debug|Any CPU = Debug|Any CPU
		Release|Any CPU = Release|Any CPU
	EndGlobalSection
	GlobalSection(ProjectConfigurationPlatforms) = postSolution
		{7B9962D3-4178-48D6-9DF4-408B7961278B}.Debug|Any CPU.ActiveCfg = Debug|Any CPU
		{7B9962D3-4178-48D6-9DF4-408B7961278B}.Debug|Any CPU.Build.0 = Debug|Any CPU
		{7B9962D3-4178-48D6-9DF4-408B7961278B}.Release|Any CPU.ActiveCfg = Release|Any CPU
		{7B9962D3-4178-48D6-9DF4-408B7961278B}.Release|Any CPU.Build.0 = Release|Any CPU
	EndGlobalSection
	GlobalSection(SolutionProperties) = preSolution
		HideSolutionNode = FALSE
	EndGlobalSection
	GlobalSection(ExtensibilityGlobals) = postSolution
		SolutionGuid = {A293009D-DA52-44B1-9E98-9E4280B1F509}
	EndGlobalSection
EndGlobal
